// !$*UTF8*$!
{
	archiveVersion = 1;
	classes = {
	};
	objectVersion = 56;
	objects = {

/* Begin PBXBuildFile section */
		D10A55002AB1AC77007802D0 /* MatchesViewController.swift in Sources */ = {isa = PBXBuildFile; fileRef = D10A54FF2AB1AC77007802D0 /* MatchesViewController.swift */; };
		D10A55022AB1B3CA007802D0 /* MatchTableCell.swift in Sources */ = {isa = PBXBuildFile; fileRef = D10A55012AB1B3CA007802D0 /* MatchTableCell.swift */; };
		D10A55052AB1B421007802D0 /* UIImageView.swift in Sources */ = {isa = PBXBuildFile; fileRef = D10A55042AB1B421007802D0 /* UIImageView.swift */; };
		D12284C62AB1FA6500A23278 /* OddsViewController.swift in Sources */ = {isa = PBXBuildFile; fileRef = D12284C52AB1FA6500A23278 /* OddsViewController.swift */; };
		D12284C82AB1FA7C00A23278 /* OddTableCell.swift in Sources */ = {isa = PBXBuildFile; fileRef = D12284C72AB1FA7C00A23278 /* OddTableCell.swift */; };
		D147EC4B2AB388E300DE8D08 /* BaseViewController.swift in Sources */ = {isa = PBXBuildFile; fileRef = D147EC4A2AB388E300DE8D08 /* BaseViewController.swift */; };
		D147EC4D2AB3939A00DE8D08 /* TicketViewController.swift in Sources */ = {isa = PBXBuildFile; fileRef = D147EC4C2AB3939A00DE8D08 /* TicketViewController.swift */; };
		D16E00D72AAFBB400012D722 /* CompetitionsViewController.swift in Sources */ = {isa = PBXBuildFile; fileRef = D16E00D62AAFBB400012D722 /* CompetitionsViewController.swift */; };
		D16E00D92AAFC1980012D722 /* CompetitionModel.swift in Sources */ = {isa = PBXBuildFile; fileRef = D16E00D82AAFC1980012D722 /* CompetitionModel.swift */; };
		D16E00DB2AAFC3190012D722 /* CompetitionTableCell.swift in Sources */ = {isa = PBXBuildFile; fileRef = D16E00DA2AAFC3190012D722 /* CompetitionTableCell.swift */; };
		D184B8152AB0B5E000130AB0 /* MatchModel.swift in Sources */ = {isa = PBXBuildFile; fileRef = D184B8142AB0B5E000130AB0 /* MatchModel.swift */; };
		D184B8172AB0B61000130AB0 /* TeamModel.swift in Sources */ = {isa = PBXBuildFile; fileRef = D184B8162AB0B61000130AB0 /* TeamModel.swift */; };
		D184B8192AB0B78D00130AB0 /* OddModel.swift in Sources */ = {isa = PBXBuildFile; fileRef = D184B8182AB0B78D00130AB0 /* OddModel.swift */; };
		D18E7D4D2AAF08EE0055C876 /* AppDelegate.swift in Sources */ = {isa = PBXBuildFile; fileRef = D18E7D4C2AAF08EE0055C876 /* AppDelegate.swift */; };
		D18E7D4F2AAF08EE0055C876 /* SceneDelegate.swift in Sources */ = {isa = PBXBuildFile; fileRef = D18E7D4E2AAF08EE0055C876 /* SceneDelegate.swift */; };
		D18E7D562AAF08EF0055C876 /* Assets.xcassets in Resources */ = {isa = PBXBuildFile; fileRef = D18E7D552AAF08EF0055C876 /* Assets.xcassets */; };
		D18E7D592AAF08EF0055C876 /* LaunchScreen.storyboard in Resources */ = {isa = PBXBuildFile; fileRef = D18E7D572AAF08EF0055C876 /* LaunchScreen.storyboard */; };
		D18E7D632AAF0DBD0055C876 /* SportsViewController.swift in Sources */ = {isa = PBXBuildFile; fileRef = D18E7D622AAF0DBD0055C876 /* SportsViewController.swift */; };
		D18E7D662AAF25530055C876 /* SportModel.swift in Sources */ = {isa = PBXBuildFile; fileRef = D18E7D652AAF25530055C876 /* SportModel.swift */; };
		D18E7D692AAF29B40055C876 /* SportCollectionCell.swift in Sources */ = {isa = PBXBuildFile; fileRef = D18E7D682AAF29B40055C876 /* SportCollectionCell.swift */; };
		D18E7D6B2AAF57480055C876 /* SportTableCell.swift in Sources */ = {isa = PBXBuildFile; fileRef = D18E7D6A2AAF57480055C876 /* SportTableCell.swift */; };
		D19A713A2AB24F4700D2ED4F /* TicketBarViewController.swift in Sources */ = {isa = PBXBuildFile; fileRef = D19A71392AB24F4700D2ED4F /* TicketBarViewController.swift */; };
/* End PBXBuildFile section */

/* Begin PBXFileReference section */
		D10A54FF2AB1AC77007802D0 /* MatchesViewController.swift */ = {isa = PBXFileReference; lastKnownFileType = sourcecode.swift; path = MatchesViewController.swift; sourceTree = "<group>"; };
		D10A55012AB1B3CA007802D0 /* MatchTableCell.swift */ = {isa = PBXFileReference; lastKnownFileType = sourcecode.swift; path = MatchTableCell.swift; sourceTree = "<group>"; };
		D10A55042AB1B421007802D0 /* UIImageView.swift */ = {isa = PBXFileReference; lastKnownFileType = sourcecode.swift; path = UIImageView.swift; sourceTree = "<group>"; };
		D12284C52AB1FA6500A23278 /* OddsViewController.swift */ = {isa = PBXFileReference; lastKnownFileType = sourcecode.swift; path = OddsViewController.swift; sourceTree = "<group>"; };
		D12284C72AB1FA7C00A23278 /* OddTableCell.swift */ = {isa = PBXFileReference; lastKnownFileType = sourcecode.swift; path = OddTableCell.swift; sourceTree = "<group>"; };
		D147EC4A2AB388E300DE8D08 /* BaseViewController.swift */ = {isa = PBXFileReference; lastKnownFileType = sourcecode.swift; path = BaseViewController.swift; sourceTree = "<group>"; };
		D147EC4C2AB3939A00DE8D08 /* TicketViewController.swift */ = {isa = PBXFileReference; lastKnownFileType = sourcecode.swift; path = TicketViewController.swift; sourceTree = "<group>"; };
		D16E00D62AAFBB400012D722 /* CompetitionsViewController.swift */ = {isa = PBXFileReference; lastKnownFileType = sourcecode.swift; path = CompetitionsViewController.swift; sourceTree = "<group>"; };
		D16E00D82AAFC1980012D722 /* CompetitionModel.swift */ = {isa = PBXFileReference; lastKnownFileType = sourcecode.swift; path = CompetitionModel.swift; sourceTree = "<group>"; };
		D16E00DA2AAFC3190012D722 /* CompetitionTableCell.swift */ = {isa = PBXFileReference; lastKnownFileType = sourcecode.swift; path = CompetitionTableCell.swift; sourceTree = "<group>"; };
		D184B8142AB0B5E000130AB0 /* MatchModel.swift */ = {isa = PBXFileReference; lastKnownFileType = sourcecode.swift; path = MatchModel.swift; sourceTree = "<group>"; };
		D184B8162AB0B61000130AB0 /* TeamModel.swift */ = {isa = PBXFileReference; lastKnownFileType = sourcecode.swift; path = TeamModel.swift; sourceTree = "<group>"; };
		D184B8182AB0B78D00130AB0 /* OddModel.swift */ = {isa = PBXFileReference; lastKnownFileType = sourcecode.swift; path = OddModel.swift; sourceTree = "<group>"; };
		D18E7D492AAF08EE0055C876 /* BettingApp - UIKit.app */ = {isa = PBXFileReference; explicitFileType = wrapper.application; includeInIndex = 0; path = "BettingApp - UIKit.app"; sourceTree = BUILT_PRODUCTS_DIR; };
		D18E7D4C2AAF08EE0055C876 /* AppDelegate.swift */ = {isa = PBXFileReference; lastKnownFileType = sourcecode.swift; path = AppDelegate.swift; sourceTree = "<group>"; };
		D18E7D4E2AAF08EE0055C876 /* SceneDelegate.swift */ = {isa = PBXFileReference; lastKnownFileType = sourcecode.swift; path = SceneDelegate.swift; sourceTree = "<group>"; };
		D18E7D552AAF08EF0055C876 /* Assets.xcassets */ = {isa = PBXFileReference; lastKnownFileType = folder.assetcatalog; path = Assets.xcassets; sourceTree = "<group>"; };
		D18E7D582AAF08EF0055C876 /* Base */ = {isa = PBXFileReference; lastKnownFileType = file.storyboard; name = Base; path = Base.lproj/LaunchScreen.storyboard; sourceTree = "<group>"; };
		D18E7D5A2AAF08EF0055C876 /* Info.plist */ = {isa = PBXFileReference; lastKnownFileType = text.plist.xml; path = Info.plist; sourceTree = "<group>"; };
		D18E7D622AAF0DBD0055C876 /* SportsViewController.swift */ = {isa = PBXFileReference; lastKnownFileType = sourcecode.swift; path = SportsViewController.swift; sourceTree = "<group>"; };
		D18E7D652AAF25530055C876 /* SportModel.swift */ = {isa = PBXFileReference; lastKnownFileType = sourcecode.swift; path = SportModel.swift; sourceTree = "<group>"; };
		D18E7D682AAF29B40055C876 /* SportCollectionCell.swift */ = {isa = PBXFileReference; lastKnownFileType = sourcecode.swift; path = SportCollectionCell.swift; sourceTree = "<group>"; };
		D18E7D6A2AAF57480055C876 /* SportTableCell.swift */ = {isa = PBXFileReference; lastKnownFileType = sourcecode.swift; path = SportTableCell.swift; sourceTree = "<group>"; };
		D19A71392AB24F4700D2ED4F /* TicketBarViewController.swift */ = {isa = PBXFileReference; lastKnownFileType = sourcecode.swift; path = TicketBarViewController.swift; sourceTree = "<group>"; };
/* End PBXFileReference section */

/* Begin PBXFrameworksBuildPhase section */
		D18E7D462AAF08EE0055C876 /* Frameworks */ = {
			isa = PBXFrameworksBuildPhase;
			buildActionMask = 2147483647;
			files = (
			);
			runOnlyForDeploymentPostprocessing = 0;
		};
/* End PBXFrameworksBuildPhase section */

/* Begin PBXGroup section */
		D10A55032AB1B417007802D0 /* Extensions */ = {
			isa = PBXGroup;
			children = (
				D10A55042AB1B421007802D0 /* UIImageView.swift */,
			);
			path = Extensions;
			sourceTree = "<group>";
		};
		D18E7D402AAF08EE0055C876 = {
			isa = PBXGroup;
			children = (
				D18E7D4B2AAF08EE0055C876 /* BettingApp - UIKit */,
				D18E7D4A2AAF08EE0055C876 /* Products */,
			);
			sourceTree = "<group>";
		};
		D18E7D4A2AAF08EE0055C876 /* Products */ = {
			isa = PBXGroup;
			children = (
				D18E7D492AAF08EE0055C876 /* BettingApp - UIKit.app */,
			);
			name = Products;
			sourceTree = "<group>";
		};
		D18E7D4B2AAF08EE0055C876 /* BettingApp - UIKit */ = {
			isa = PBXGroup;
			children = (
				D10A55032AB1B417007802D0 /* Extensions */,
				D18E7D602AAF09600055C876 /* Startup */,
				D18E7D642AAF25390055C876 /* Models */,
				D18E7D612AAF0B8A0055C876 /* Controllers */,
				D18E7D672AAF299D0055C876 /* Cells */,
				D18E7D552AAF08EF0055C876 /* Assets.xcassets */,
				D18E7D5A2AAF08EF0055C876 /* Info.plist */,
			);
			path = "BettingApp - UIKit";
			sourceTree = "<group>";
		};
		D18E7D602AAF09600055C876 /* Startup */ = {
			isa = PBXGroup;
			children = (
				D18E7D4C2AAF08EE0055C876 /* AppDelegate.swift */,
				D18E7D4E2AAF08EE0055C876 /* SceneDelegate.swift */,
				D18E7D572AAF08EF0055C876 /* LaunchScreen.storyboard */,
			);
			path = Startup;
			sourceTree = "<group>";
		};
		D18E7D612AAF0B8A0055C876 /* Controllers */ = {
			isa = PBXGroup;
			children = (
				D147EC4A2AB388E300DE8D08 /* BaseViewController.swift */,
				D19A71392AB24F4700D2ED4F /* TicketBarViewController.swift */,
				D147EC4C2AB3939A00DE8D08 /* TicketViewController.swift */,
				D18E7D622AAF0DBD0055C876 /* SportsViewController.swift */,
				D16E00D62AAFBB400012D722 /* CompetitionsViewController.swift */,
				D10A54FF2AB1AC77007802D0 /* MatchesViewController.swift */,
				D12284C52AB1FA6500A23278 /* OddsViewController.swift */,
			);
			path = Controllers;
			sourceTree = "<group>";
		};
		D18E7D642AAF25390055C876 /* Models */ = {
			isa = PBXGroup;
			children = (
				D18E7D652AAF25530055C876 /* SportModel.swift */,
				D16E00D82AAFC1980012D722 /* CompetitionModel.swift */,
				D184B8162AB0B61000130AB0 /* TeamModel.swift */,
				D184B8142AB0B5E000130AB0 /* MatchModel.swift */,
				D184B8182AB0B78D00130AB0 /* OddModel.swift */,
			);
			path = Models;
			sourceTree = "<group>";
		};
		D18E7D672AAF299D0055C876 /* Cells */ = {
			isa = PBXGroup;
			children = (
				D18E7D682AAF29B40055C876 /* SportCollectionCell.swift */,
				D18E7D6A2AAF57480055C876 /* SportTableCell.swift */,
				D16E00DA2AAFC3190012D722 /* CompetitionTableCell.swift */,
				D10A55012AB1B3CA007802D0 /* MatchTableCell.swift */,
				D12284C72AB1FA7C00A23278 /* OddTableCell.swift */,
			);
			path = Cells;
			sourceTree = "<group>";
		};
/* End PBXGroup section */

/* Begin PBXNativeTarget section */
		D18E7D482AAF08EE0055C876 /* BettingApp - UIKit */ = {
			isa = PBXNativeTarget;
			buildConfigurationList = D18E7D5D2AAF08EF0055C876 /* Build configuration list for PBXNativeTarget "BettingApp - UIKit" */;
			buildPhases = (
				D18E7D452AAF08EE0055C876 /* Sources */,
				D18E7D462AAF08EE0055C876 /* Frameworks */,
				D18E7D472AAF08EE0055C876 /* Resources */,
			);
			buildRules = (
			);
			dependencies = (
			);
			name = "BettingApp - UIKit";
			productName = "BettingApp - UIKit";
			productReference = D18E7D492AAF08EE0055C876 /* BettingApp - UIKit.app */;
			productType = "com.apple.product-type.application";
		};
/* End PBXNativeTarget section */

/* Begin PBXProject section */
		D18E7D412AAF08EE0055C876 /* Project object */ = {
			isa = PBXProject;
			attributes = {
				BuildIndependentTargetsInParallel = 1;
				LastSwiftUpdateCheck = 1430;
				LastUpgradeCheck = 1430;
				TargetAttributes = {
					D18E7D482AAF08EE0055C876 = {
						CreatedOnToolsVersion = 14.3.1;
					};
				};
			};
			buildConfigurationList = D18E7D442AAF08EE0055C876 /* Build configuration list for PBXProject "BettingApp - UIKit" */;
			compatibilityVersion = "Xcode 14.0";
			developmentRegion = en;
			hasScannedForEncodings = 0;
			knownRegions = (
				en,
				Base,
			);
			mainGroup = D18E7D402AAF08EE0055C876;
			productRefGroup = D18E7D4A2AAF08EE0055C876 /* Products */;
			projectDirPath = "";
			projectRoot = "";
			targets = (
				D18E7D482AAF08EE0055C876 /* BettingApp - UIKit */,
			);
		};
/* End PBXProject section */

/* Begin PBXResourcesBuildPhase section */
		D18E7D472AAF08EE0055C876 /* Resources */ = {
			isa = PBXResourcesBuildPhase;
			buildActionMask = 2147483647;
			files = (
				D18E7D592AAF08EF0055C876 /* LaunchScreen.storyboard in Resources */,
				D18E7D562AAF08EF0055C876 /* Assets.xcassets in Resources */,
			);
			runOnlyForDeploymentPostprocessing = 0;
		};
/* End PBXResourcesBuildPhase section */

/* Begin PBXSourcesBuildPhase section */
		D18E7D452AAF08EE0055C876 /* Sources */ = {
			isa = PBXSourcesBuildPhase;
			buildActionMask = 2147483647;
			files = (
				D18E7D632AAF0DBD0055C876 /* SportsViewController.swift in Sources */,
				D184B8192AB0B78D00130AB0 /* OddModel.swift in Sources */,
				D10A55022AB1B3CA007802D0 /* MatchTableCell.swift in Sources */,
				D16E00DB2AAFC3190012D722 /* CompetitionTableCell.swift in Sources */,
				D147EC4B2AB388E300DE8D08 /* BaseViewController.swift in Sources */,
				D18E7D4D2AAF08EE0055C876 /* AppDelegate.swift in Sources */,
				D16E00D72AAFBB400012D722 /* CompetitionsViewController.swift in Sources */,
				D10A55052AB1B421007802D0 /* UIImageView.swift in Sources */,
				D10A55002AB1AC77007802D0 /* MatchesViewController.swift in Sources */,
				D19A713A2AB24F4700D2ED4F /* TicketBarViewController.swift in Sources */,
				D18E7D662AAF25530055C876 /* SportModel.swift in Sources */,
				D184B8152AB0B5E000130AB0 /* MatchModel.swift in Sources */,
				D12284C82AB1FA7C00A23278 /* OddTableCell.swift in Sources */,
				D18E7D6B2AAF57480055C876 /* SportTableCell.swift in Sources */,
				D16E00D92AAFC1980012D722 /* CompetitionModel.swift in Sources */,
				D12284C62AB1FA6500A23278 /* OddsViewController.swift in Sources */,
				D147EC4D2AB3939A00DE8D08 /* TicketViewController.swift in Sources */,
				D184B8172AB0B61000130AB0 /* TeamModel.swift in Sources */,
				D18E7D692AAF29B40055C876 /* SportCollectionCell.swift in Sources */,
				D18E7D4F2AAF08EE0055C876 /* SceneDelegate.swift in Sources */,
			);
			runOnlyForDeploymentPostprocessing = 0;
		};
/* End PBXSourcesBuildPhase section */

/* Begin PBXVariantGroup section */
		D18E7D572AAF08EF0055C876 /* LaunchScreen.storyboard */ = {
			isa = PBXVariantGroup;
			children = (
				D18E7D582AAF08EF0055C876 /* Base */,
			);
			name = LaunchScreen.storyboard;
			sourceTree = "<group>";
		};
/* End PBXVariantGroup section */

/* Begin XCBuildConfiguration section */
		D18E7D5B2AAF08EF0055C876 /* Debug */ = {
			isa = XCBuildConfiguration;
			buildSettings = {
				ALWAYS_SEARCH_USER_PATHS = NO;
				CLANG_ANALYZER_NONNULL = YES;
				CLANG_ANALYZER_NUMBER_OBJECT_CONVERSION = YES_AGGRESSIVE;
				CLANG_CXX_LANGUAGE_STANDARD = "gnu++20";
				CLANG_ENABLE_MODULES = YES;
				CLANG_ENABLE_OBJC_ARC = YES;
				CLANG_ENABLE_OBJC_WEAK = YES;
				CLANG_WARN_BLOCK_CAPTURE_AUTORELEASING = YES;
				CLANG_WARN_BOOL_CONVERSION = YES;
				CLANG_WARN_COMMA = YES;
				CLANG_WARN_CONSTANT_CONVERSION = YES;
				CLANG_WARN_DEPRECATED_OBJC_IMPLEMENTATIONS = YES;
				CLANG_WARN_DIRECT_OBJC_ISA_USAGE = YES_ERROR;
				CLANG_WARN_DOCUMENTATION_COMMENTS = YES;
				CLANG_WARN_EMPTY_BODY = YES;
				CLANG_WARN_ENUM_CONVERSION = YES;
				CLANG_WARN_INFINITE_RECURSION = YES;
				CLANG_WARN_INT_CONVERSION = YES;
				CLANG_WARN_NON_LITERAL_NULL_CONVERSION = YES;
				CLANG_WARN_OBJC_IMPLICIT_RETAIN_SELF = YES;
				CLANG_WARN_OBJC_LITERAL_CONVERSION = YES;
				CLANG_WARN_OBJC_ROOT_CLASS = YES_ERROR;
				CLANG_WARN_QUOTED_INCLUDE_IN_FRAMEWORK_HEADER = YES;
				CLANG_WARN_RANGE_LOOP_ANALYSIS = YES;
				CLANG_WARN_STRICT_PROTOTYPES = YES;
				CLANG_WARN_SUSPICIOUS_MOVE = YES;
				CLANG_WARN_UNGUARDED_AVAILABILITY = YES_AGGRESSIVE;
				CLANG_WARN_UNREACHABLE_CODE = YES;
				CLANG_WARN__DUPLICATE_METHOD_MATCH = YES;
				COPY_PHASE_STRIP = NO;
				DEBUG_INFORMATION_FORMAT = dwarf;
				ENABLE_STRICT_OBJC_MSGSEND = YES;
				ENABLE_TESTABILITY = YES;
				GCC_C_LANGUAGE_STANDARD = gnu11;
				GCC_DYNAMIC_NO_PIC = NO;
				GCC_NO_COMMON_BLOCKS = YES;
				GCC_OPTIMIZATION_LEVEL = 0;
				GCC_PREPROCESSOR_DEFINITIONS = (
					"DEBUG=1",
					"$(inherited)",
				);
				GCC_WARN_64_TO_32_BIT_CONVERSION = YES;
				GCC_WARN_ABOUT_RETURN_TYPE = YES_ERROR;
				GCC_WARN_UNDECLARED_SELECTOR = YES;
				GCC_WARN_UNINITIALIZED_AUTOS = YES_AGGRESSIVE;
				GCC_WARN_UNUSED_FUNCTION = YES;
				GCC_WARN_UNUSED_VARIABLE = YES;
				IPHONEOS_DEPLOYMENT_TARGET = 16.4;
				MTL_ENABLE_DEBUG_INFO = INCLUDE_SOURCE;
				MTL_FAST_MATH = YES;
				ONLY_ACTIVE_ARCH = YES;
				SDKROOT = iphoneos;
				SWIFT_ACTIVE_COMPILATION_CONDITIONS = DEBUG;
				SWIFT_OPTIMIZATION_LEVEL = "-Onone";
			};
			name = Debug;
		};
		D18E7D5C2AAF08EF0055C876 /* Release */ = {
			isa = XCBuildConfiguration;
			buildSettings = {
				ALWAYS_SEARCH_USER_PATHS = NO;
				CLANG_ANALYZER_NONNULL = YES;
				CLANG_ANALYZER_NUMBER_OBJECT_CONVERSION = YES_AGGRESSIVE;
				CLANG_CXX_LANGUAGE_STANDARD = "gnu++20";
				CLANG_ENABLE_MODULES = YES;
				CLANG_ENABLE_OBJC_ARC = YES;
				CLANG_ENABLE_OBJC_WEAK = YES;
				CLANG_WARN_BLOCK_CAPTURE_AUTORELEASING = YES;
				CLANG_WARN_BOOL_CONVERSION = YES;
				CLANG_WARN_COMMA = YES;
				CLANG_WARN_CONSTANT_CONVERSION = YES;
				CLANG_WARN_DEPRECATED_OBJC_IMPLEMENTATIONS = YES;
				CLANG_WARN_DIRECT_OBJC_ISA_USAGE = YES_ERROR;
				CLANG_WARN_DOCUMENTATION_COMMENTS = YES;
				CLANG_WARN_EMPTY_BODY = YES;
				CLANG_WARN_ENUM_CONVERSION = YES;
				CLANG_WARN_INFINITE_RECURSION = YES;
				CLANG_WARN_INT_CONVERSION = YES;
				CLANG_WARN_NON_LITERAL_NULL_CONVERSION = YES;
				CLANG_WARN_OBJC_IMPLICIT_RETAIN_SELF = YES;
				CLANG_WARN_OBJC_LITERAL_CONVERSION = YES;
				CLANG_WARN_OBJC_ROOT_CLASS = YES_ERROR;
				CLANG_WARN_QUOTED_INCLUDE_IN_FRAMEWORK_HEADER = YES;
				CLANG_WARN_RANGE_LOOP_ANALYSIS = YES;
				CLANG_WARN_STRICT_PROTOTYPES = YES;
				CLANG_WARN_SUSPICIOUS_MOVE = YES;
				CLANG_WARN_UNGUARDED_AVAILABILITY = YES_AGGRESSIVE;
				CLANG_WARN_UNREACHABLE_CODE = YES;
				CLANG_WARN__DUPLICATE_METHOD_MATCH = YES;
				COPY_PHASE_STRIP = NO;
				DEBUG_INFORMATION_FORMAT = "dwarf-with-dsym";
				ENABLE_NS_ASSERTIONS = NO;
				ENABLE_STRICT_OBJC_MSGSEND = YES;
				GCC_C_LANGUAGE_STANDARD = gnu11;
				GCC_NO_COMMON_BLOCKS = YES;
				GCC_WARN_64_TO_32_BIT_CONVERSION = YES;
				GCC_WARN_ABOUT_RETURN_TYPE = YES_ERROR;
				GCC_WARN_UNDECLARED_SELECTOR = YES;
				GCC_WARN_UNINITIALIZED_AUTOS = YES_AGGRESSIVE;
				GCC_WARN_UNUSED_FUNCTION = YES;
				GCC_WARN_UNUSED_VARIABLE = YES;
				IPHONEOS_DEPLOYMENT_TARGET = 16.4;
				MTL_ENABLE_DEBUG_INFO = NO;
				MTL_FAST_MATH = YES;
				SDKROOT = iphoneos;
				SWIFT_COMPILATION_MODE = wholemodule;
				SWIFT_OPTIMIZATION_LEVEL = "-O";
				VALIDATE_PRODUCT = YES;
			};
			name = Release;
		};
		D18E7D5E2AAF08EF0055C876 /* Debug */ = {
			isa = XCBuildConfiguration;
			buildSettings = {
				ASSETCATALOG_COMPILER_APPICON_NAME = AppIcon;
				ASSETCATALOG_COMPILER_GLOBAL_ACCENT_COLOR_NAME = AccentColor;
				CODE_SIGN_STYLE = Automatic;
				CURRENT_PROJECT_VERSION = 1;
				DEVELOPMENT_TEAM = KM6M489FBH;
				GENERATE_INFOPLIST_FILE = YES;
				INFOPLIST_FILE = "BettingApp - UIKit/Info.plist";
				INFOPLIST_KEY_UIApplicationSupportsIndirectInputEvents = YES;
				INFOPLIST_KEY_UILaunchStoryboardName = LaunchScreen;
				INFOPLIST_KEY_UISupportedInterfaceOrientations_iPad = "UIInterfaceOrientationPortrait UIInterfaceOrientationPortraitUpsideDown UIInterfaceOrientationLandscapeLeft UIInterfaceOrientationLandscapeRight";
				INFOPLIST_KEY_UISupportedInterfaceOrientations_iPhone = "UIInterfaceOrientationPortrait UIInterfaceOrientationLandscapeLeft UIInterfaceOrientationLandscapeRight";
				LD_RUNPATH_SEARCH_PATHS = (
					"$(inherited)",
					"@executable_path/Frameworks",
				);
				MARKETING_VERSION = 1.0;
				PRODUCT_BUNDLE_IDENTIFIER = "con.LukaPodrug.BettingApp---UIKit";
				PRODUCT_NAME = "$(TARGET_NAME)";
				SWIFT_EMIT_LOC_STRINGS = YES;
				SWIFT_VERSION = 5.0;
				TARGETED_DEVICE_FAMILY = "1,2";
			};
			name = Debug;
		};
		D18E7D5F2AAF08EF0055C876 /* Release */ = {
			isa = XCBuildConfiguration;
			buildSettings = {
				ASSETCATALOG_COMPILER_APPICON_NAME = AppIcon;
				ASSETCATALOG_COMPILER_GLOBAL_ACCENT_COLOR_NAME = AccentColor;
				CODE_SIGN_STYLE = Automatic;
				CURRENT_PROJECT_VERSION = 1;
				DEVELOPMENT_TEAM = KM6M489FBH;
				GENERATE_INFOPLIST_FILE = YES;
				INFOPLIST_FILE = "BettingApp - UIKit/Info.plist";
				INFOPLIST_KEY_UIApplicationSupportsIndirectInputEvents = YES;
				INFOPLIST_KEY_UILaunchStoryboardName = LaunchScreen;
				INFOPLIST_KEY_UISupportedInterfaceOrientations_iPad = "UIInterfaceOrientationPortrait UIInterfaceOrientationPortraitUpsideDown UIInterfaceOrientationLandscapeLeft UIInterfaceOrientationLandscapeRight";
				INFOPLIST_KEY_UISupportedInterfaceOrientations_iPhone = "UIInterfaceOrientationPortrait UIInterfaceOrientationLandscapeLeft UIInterfaceOrientationLandscapeRight";
				LD_RUNPATH_SEARCH_PATHS = (
					"$(inherited)",
					"@executable_path/Frameworks",
				);
				MARKETING_VERSION = 1.0;
				PRODUCT_BUNDLE_IDENTIFIER = "con.LukaPodrug.BettingApp---UIKit";
				PRODUCT_NAME = "$(TARGET_NAME)";
				SWIFT_EMIT_LOC_STRINGS = YES;
				SWIFT_VERSION = 5.0;
				TARGETED_DEVICE_FAMILY = "1,2";
			};
			name = Release;
		};
/* End XCBuildConfiguration section */

/* Begin XCConfigurationList section */
		D18E7D442AAF08EE0055C876 /* Build configuration list for PBXProject "BettingApp - UIKit" */ = {
			isa = XCConfigurationList;
			buildConfigurations = (
				D18E7D5B2AAF08EF0055C876 /* Debug */,
				D18E7D5C2AAF08EF0055C876 /* Release */,
			);
			defaultConfigurationIsVisible = 0;
			defaultConfigurationName = Release;
		};
		D18E7D5D2AAF08EF0055C876 /* Build configuration list for PBXNativeTarget "BettingApp - UIKit" */ = {
			isa = XCConfigurationList;
			buildConfigurations = (
				D18E7D5E2AAF08EF0055C876 /* Debug */,
				D18E7D5F2AAF08EF0055C876 /* Release */,
			);
			defaultConfigurationIsVisible = 0;
			defaultConfigurationName = Release;
		};
/* End XCConfigurationList section */
	};
	rootObject = D18E7D412AAF08EE0055C876 /* Project object */;
}
